
Microsoft Visual Studio Solution File, Format Version 12.00
# Visual Studio Version 17
VisualStudioVersion = 17.10.35004.147
MinimumVisualStudioVersion = 10.0.40219.1
Project("{FAE04EC0-301F-11D3-BF4B-00C04F79EFBC}") = "infobez1", "infobez1\infobez1.csproj", "{52C6FC9A-0327-4941-9E51-3D56CCB7376B}"
EndProject
Global
	GlobalSection(SolutionConfigurationPlatforms) = preSolution
		Debug|Any CPU = Debug|Any CPU
		Release|Any CPU = Release|Any CPU
	EndGlobalSection
	GlobalSection(ProjectConfigurationPlatforms) = postSolution
		{52C6FC9A-0327-4941-9E51-3D56CCB7376B}.Debug|Any CPU.ActiveCfg = Debug|Any CPU
		{52C6FC9A-0327-4941-9E51-3D56CCB7376B}.Debug|Any CPU.Build.0 = Debug|Any CPU
		{52C6FC9A-0327-4941-9E51-3D56CCB7376B}.Release|Any CPU.ActiveCfg = Release|Any CPU
		{52C6FC9A-0327-4941-9E51-3D56CCB7376B}.Release|Any CPU.Build.0 = Release|Any CPU
	EndGlobalSection
	GlobalSection(SolutionProperties) = preSolution
		HideSolutionNode = FALSE
	EndGlobalSection
	GlobalSection(ExtensibilityGlobals) = postSolution
		SolutionGuid = {B30385CA-A2EF-42A2-B089-2B04A9D45BDB}
	EndGlobalSection
EndGlobal
